{
  "requires": true,
  "lockfileVersion": 1,
  "dependencies": {
    "primeicons": {
      "version": "2.0.0",
      "resolved": "https://registry.npmjs.org/primeicons/-/primeicons-2.0.0.tgz",
      "integrity": "sha512-GJTCeMSQU8UU1GqbsaDrg/IH+b/vSinJQl52NVpdJ7sShYLZA8Eq6jLF48Ye3N/dQloGrE07i7XsZvxQ9pNbqg=="
    },
    "primereact": {
      "version": "3.1.8",
      "resolved": "https://registry.npmjs.org/primereact/-/primereact-3.1.8.tgz",
      "integrity": "sha512-HpQvZo/rv4TdiMGx8XkGOpRtRICmIv8p7LP9+TB9APZub4JZYpF1gyKuBXkJl2L6jpKReu+FMV+cbcHb1YRMbg=="
    }
  }
}
